
Microsoft Visual Studio Solution File, Format Version 12.00
# Visual Studio Version 17
VisualStudioVersion = 17.8.34004.107
MinimumVisualStudioVersion = 10.0.40219.1
Project("{9A19103F-16F7-4668-BE54-9A1E7A4F7556}") = "MaxiShop.Web", "MaxiShop.Web\MaxiShop.Web.csproj", "{3A011CE6-7125-46C0-8F40-FB556A5D22FF}"
EndProject
Project("{FAE04EC0-301F-11D3-BF4B-00C04F79EFBC}") = "MaxiShop.Application", "MaxiShop.Application\MaxiShop.Application.csproj", "{0F350B1E-0165-47F1-B1BA-593D1FA3E84A}"
EndProject
Project("{FAE04EC0-301F-11D3-BF4B-00C04F79EFBC}") = "MaxiShop.Domain", "MaxiShop.Domain\MaxiShop.Domain.csproj", "{E3552E29-83E1-46D5-957D-0006F9101549}"
EndProject
Project("{FAE04EC0-301F-11D3-BF4B-00C04F79EFBC}") = "MaxiShop.Infrastructure", "MaxiShop.Infrastructure\MaxiShop.Infrastructure.csproj", "{79C8684A-BD1F-4623-8A5E-9805CAD021FA}"
EndProject
Global
	GlobalSection(SolutionConfigurationPlatforms) = preSolution
		Debug|Any CPU = Debug|Any CPU
		Release|Any CPU = Release|Any CPU
	EndGlobalSection
	GlobalSection(ProjectConfigurationPlatforms) = postSolution
		{3A011CE6-7125-46C0-8F40-FB556A5D22FF}.Debug|Any CPU.ActiveCfg = Debug|Any CPU
		{3A011CE6-7125-46C0-8F40-FB556A5D22FF}.Debug|Any CPU.Build.0 = Debug|Any CPU
		{3A011CE6-7125-46C0-8F40-FB556A5D22FF}.Release|Any CPU.ActiveCfg = Release|Any CPU
		{3A011CE6-7125-46C0-8F40-FB556A5D22FF}.Release|Any CPU.Build.0 = Release|Any CPU
		{0F350B1E-0165-47F1-B1BA-593D1FA3E84A}.Debug|Any CPU.ActiveCfg = Debug|Any CPU
		{0F350B1E-0165-47F1-B1BA-593D1FA3E84A}.Debug|Any CPU.Build.0 = Debug|Any CPU
		{0F350B1E-0165-47F1-B1BA-593D1FA3E84A}.Release|Any CPU.ActiveCfg = Release|Any CPU
		{0F350B1E-0165-47F1-B1BA-593D1FA3E84A}.Release|Any CPU.Build.0 = Release|Any CPU
		{E3552E29-83E1-46D5-957D-0006F9101549}.Debug|Any CPU.ActiveCfg = Debug|Any CPU
		{E3552E29-83E1-46D5-957D-0006F9101549}.Debug|Any CPU.Build.0 = Debug|Any CPU
		{E3552E29-83E1-46D5-957D-0006F9101549}.Release|Any CPU.ActiveCfg = Release|Any CPU
		{E3552E29-83E1-46D5-957D-0006F9101549}.Release|Any CPU.Build.0 = Release|Any CPU
		{79C8684A-BD1F-4623-8A5E-9805CAD021FA}.Debug|Any CPU.ActiveCfg = Debug|Any CPU
		{79C8684A-BD1F-4623-8A5E-9805CAD021FA}.Debug|Any CPU.Build.0 = Debug|Any CPU
		{79C8684A-BD1F-4623-8A5E-9805CAD021FA}.Release|Any CPU.ActiveCfg = Release|Any CPU
		{79C8684A-BD1F-4623-8A5E-9805CAD021FA}.Release|Any CPU.Build.0 = Release|Any CPU
	EndGlobalSection
	GlobalSection(SolutionProperties) = preSolution
		HideSolutionNode = FALSE
	EndGlobalSection
	GlobalSection(ExtensibilityGlobals) = postSolution
		SolutionGuid = {E9555CAF-989C-45AA-9275-15BA7C0F2240}
	EndGlobalSection
EndGlobal
